
Microsoft Visual Studio Solution File, Format Version 11.00
# Visual Studio 2010
Project("{FAE04EC0-301F-11D3-BF4B-00C04F79EFBC}") = "UnityGameFramework.Runtime", "UnityGameFramework.Runtime.csproj", "{875069ac-d400-b64a-2e5b-5274c2adf65c}"
EndProject
Project("{FAE04EC0-301F-11D3-BF4B-00C04F79EFBC}") = "Assembly-CSharp", "Assembly-CSharp.csproj", "{40c35f3c-c7ac-2583-4984-65918bca75ad}"
EndProject
Project("{FAE04EC0-301F-11D3-BF4B-00C04F79EFBC}") = "GameFramework", "GameFramework.csproj", "{805c91d9-df41-2634-3b86-806fd6165e33}"
EndProject
Project("{FAE04EC0-301F-11D3-BF4B-00C04F79EFBC}") = "Builtin.Runtime", "Builtin.Runtime.csproj", "{6a0ec3cd-e889-3987-00b4-6d45616e12d8}"
EndProject
Project("{FAE04EC0-301F-11D3-BF4B-00C04F79EFBC}") = "UniTask.Linq", "UniTask.Linq.csproj", "{8f5deb77-ffa9-d205-1f13-f8659ab1281b}"
EndProject
Project("{FAE04EC0-301F-11D3-BF4B-00C04F79EFBC}") = "UnityGameFramework.Editor", "UnityGameFramework.Editor.csproj", "{fab4f4da-24c6-b51a-bc4b-2196b69276bb}"
EndProject
Project("{FAE04EC0-301F-11D3-BF4B-00C04F79EFBC}") = "DOTween.Extension", "DOTween.Extension.csproj", "{b32173d1-3972-d27b-8a85-2384ba5e9955}"
EndProject
Project("{FAE04EC0-301F-11D3-BF4B-00C04F79EFBC}") = "UniTask", "UniTask.csproj", "{cd477eb4-72c0-dee6-29d1-8083a9c2d362}"
EndProject
Project("{FAE04EC0-301F-11D3-BF4B-00C04F79EFBC}") = "Hotfix", "Hotfix.csproj", "{36f6a3b1-61f5-5efe-a8fe-78137e26c27f}"
EndProject
Project("{FAE04EC0-301F-11D3-BF4B-00C04F79EFBC}") = "spine-unity", "spine-unity.csproj", "{19d76579-57ed-7658-1410-7c07c7cae5ec}"
EndProject
Project("{FAE04EC0-301F-11D3-BF4B-00C04F79EFBC}") = "spine-unity-editor", "spine-unity-editor.csproj", "{8836adf8-5928-507c-c3a5-aec0f6d32c23}"
EndProject
Project("{FAE04EC0-301F-11D3-BF4B-00C04F79EFBC}") = "Assembly-CSharp-Editor", "Assembly-CSharp-Editor.csproj", "{2230c053-338d-a2d5-0ca4-0142e4815273}"
EndProject
Project("{FAE04EC0-301F-11D3-BF4B-00C04F79EFBC}") = "ZString", "ZString.csproj", "{cee3a719-883e-2d53-cea5-7d2b2574258f}"
EndProject
Project("{FAE04EC0-301F-11D3-BF4B-00C04F79EFBC}") = "UniTask.Addressables", "UniTask.Addressables.csproj", "{e6606738-47a1-f425-b2a3-1d6fffaf89d3}"
EndProject
Project("{FAE04EC0-301F-11D3-BF4B-00C04F79EFBC}") = "Assembly-CSharp-Editor-firstpass", "Assembly-CSharp-Editor-firstpass.csproj", "{f8aae41d-b008-4b39-24cd-dd44d4005087}"
EndProject
Project("{FAE04EC0-301F-11D3-BF4B-00C04F79EFBC}") = "UniTask.TextMeshPro", "UniTask.TextMeshPro.csproj", "{07e9bba7-183f-34ed-76ae-38f94802755c}"
EndProject
Project("{FAE04EC0-301F-11D3-BF4B-00C04F79EFBC}") = "UniTask.DOTween", "UniTask.DOTween.csproj", "{1e5c33d3-7722-7873-d8dc-669fd450d6db}"
EndProject
Project("{FAE04EC0-301F-11D3-BF4B-00C04F79EFBC}") = "UltimateJoystick", "UltimateJoystick.csproj", "{9f6b2793-bbcf-3050-aeaf-97956efdb9df}"
EndProject
Project("{FAE04EC0-301F-11D3-BF4B-00C04F79EFBC}") = "UniTask.Editor", "UniTask.Editor.csproj", "{2bc84be7-0ace-a654-2f71-13aa066051f0}"
EndProject
Project("{FAE04EC0-301F-11D3-BF4B-00C04F79EFBC}") = "Assembly-CSharp-firstpass", "Assembly-CSharp-firstpass.csproj", "{696b990e-b905-6b9c-752d-9884266b2f20}"
EndProject
Global
	GlobalSection(SolutionConfigurationPlatforms) = preSolution
		Debug|Any CPU = Debug|Any CPU
	EndGlobalSection
	GlobalSection(ProjectConfigurationPlatforms) = postSolution
		{875069ac-d400-b64a-2e5b-5274c2adf65c}.Debug|Any CPU.ActiveCfg = Debug|Any CPU
		{875069ac-d400-b64a-2e5b-5274c2adf65c}.Debug|Any CPU.Build.0 = Debug|Any CPU
		{40c35f3c-c7ac-2583-4984-65918bca75ad}.Debug|Any CPU.ActiveCfg = Debug|Any CPU
		{40c35f3c-c7ac-2583-4984-65918bca75ad}.Debug|Any CPU.Build.0 = Debug|Any CPU
		{805c91d9-df41-2634-3b86-806fd6165e33}.Debug|Any CPU.ActiveCfg = Debug|Any CPU
		{805c91d9-df41-2634-3b86-806fd6165e33}.Debug|Any CPU.Build.0 = Debug|Any CPU
		{6a0ec3cd-e889-3987-00b4-6d45616e12d8}.Debug|Any CPU.ActiveCfg = Debug|Any CPU
		{6a0ec3cd-e889-3987-00b4-6d45616e12d8}.Debug|Any CPU.Build.0 = Debug|Any CPU
		{8f5deb77-ffa9-d205-1f13-f8659ab1281b}.Debug|Any CPU.ActiveCfg = Debug|Any CPU
		{8f5deb77-ffa9-d205-1f13-f8659ab1281b}.Debug|Any CPU.Build.0 = Debug|Any CPU
		{fab4f4da-24c6-b51a-bc4b-2196b69276bb}.Debug|Any CPU.ActiveCfg = Debug|Any CPU
		{fab4f4da-24c6-b51a-bc4b-2196b69276bb}.Debug|Any CPU.Build.0 = Debug|Any CPU
		{b32173d1-3972-d27b-8a85-2384ba5e9955}.Debug|Any CPU.ActiveCfg = Debug|Any CPU
		{b32173d1-3972-d27b-8a85-2384ba5e9955}.Debug|Any CPU.Build.0 = Debug|Any CPU
		{cd477eb4-72c0-dee6-29d1-8083a9c2d362}.Debug|Any CPU.ActiveCfg = Debug|Any CPU
		{cd477eb4-72c0-dee6-29d1-8083a9c2d362}.Debug|Any CPU.Build.0 = Debug|Any CPU
		{36f6a3b1-61f5-5efe-a8fe-78137e26c27f}.Debug|Any CPU.ActiveCfg = Debug|Any CPU
		{36f6a3b1-61f5-5efe-a8fe-78137e26c27f}.Debug|Any CPU.Build.0 = Debug|Any CPU
		{19d76579-57ed-7658-1410-7c07c7cae5ec}.Debug|Any CPU.ActiveCfg = Debug|Any CPU
		{19d76579-57ed-7658-1410-7c07c7cae5ec}.Debug|Any CPU.Build.0 = Debug|Any CPU
		{8836adf8-5928-507c-c3a5-aec0f6d32c23}.Debug|Any CPU.ActiveCfg = Debug|Any CPU
		{8836adf8-5928-507c-c3a5-aec0f6d32c23}.Debug|Any CPU.Build.0 = Debug|Any CPU
		{2230c053-338d-a2d5-0ca4-0142e4815273}.Debug|Any CPU.ActiveCfg = Debug|Any CPU
		{2230c053-338d-a2d5-0ca4-0142e4815273}.Debug|Any CPU.Build.0 = Debug|Any CPU
		{cee3a719-883e-2d53-cea5-7d2b2574258f}.Debug|Any CPU.ActiveCfg = Debug|Any CPU
		{cee3a719-883e-2d53-cea5-7d2b2574258f}.Debug|Any CPU.Build.0 = Debug|Any CPU
		{e6606738-47a1-f425-b2a3-1d6fffaf89d3}.Debug|Any CPU.ActiveCfg = Debug|Any CPU
		{e6606738-47a1-f425-b2a3-1d6fffaf89d3}.Debug|Any CPU.Build.0 = Debug|Any CPU
		{f8aae41d-b008-4b39-24cd-dd44d4005087}.Debug|Any CPU.ActiveCfg = Debug|Any CPU
		{f8aae41d-b008-4b39-24cd-dd44d4005087}.Debug|Any CPU.Build.0 = Debug|Any CPU
		{07e9bba7-183f-34ed-76ae-38f94802755c}.Debug|Any CPU.ActiveCfg = Debug|Any CPU
		{07e9bba7-183f-34ed-76ae-38f94802755c}.Debug|Any CPU.Build.0 = Debug|Any CPU
		{1e5c33d3-7722-7873-d8dc-669fd450d6db}.Debug|Any CPU.ActiveCfg = Debug|Any CPU
		{1e5c33d3-7722-7873-d8dc-669fd450d6db}.Debug|Any CPU.Build.0 = Debug|Any CPU
		{9f6b2793-bbcf-3050-aeaf-97956efdb9df}.Debug|Any CPU.ActiveCfg = Debug|Any CPU
		{9f6b2793-bbcf-3050-aeaf-97956efdb9df}.Debug|Any CPU.Build.0 = Debug|Any CPU
		{2bc84be7-0ace-a654-2f71-13aa066051f0}.Debug|Any CPU.ActiveCfg = Debug|Any CPU
		{2bc84be7-0ace-a654-2f71-13aa066051f0}.Debug|Any CPU.Build.0 = Debug|Any CPU
		{696b990e-b905-6b9c-752d-9884266b2f20}.Debug|Any CPU.ActiveCfg = Debug|Any CPU
		{696b990e-b905-6b9c-752d-9884266b2f20}.Debug|Any CPU.Build.0 = Debug|Any CPU
	EndGlobalSection
	GlobalSection(SolutionProperties) = preSolution
		HideSolutionNode = FALSE
	EndGlobalSection
EndGlobal
