
Microsoft Visual Studio Solution File, Format Version 12.00
# Visual Studio 15
Project("{FAE04EC0-301F-11D3-BF4B-00C04F79EFBC}") = "UnityGameFramework.Runtime", "UnityGameFramework.Runtime.csproj", "{AC695087-00D4-4AB6-2E5B-5274C2ADF65C}"
EndProject
Project("{FAE04EC0-301F-11D3-BF4B-00C04F79EFBC}") = "Assembly-CSharp", "Assembly-CSharp.csproj", "{3C5FC340-ACC7-8325-4984-65918BCA75AD}"
EndProject
Project("{FAE04EC0-301F-11D3-BF4B-00C04F79EFBC}") = "GameFramework", "GameFramework.csproj", "{D9915C80-41DF-3426-3B86-806FD6165E33}"
EndProject
Project("{FAE04EC0-301F-11D3-BF4B-00C04F79EFBC}") = "Builtin.Runtime", "Builtin.Runtime.csproj", "{CDC30E6A-89E8-8739-00B4-6D45616E12D8}"
EndProject
Project("{FAE04EC0-301F-11D3-BF4B-00C04F79EFBC}") = "UniTask.Linq", "UniTask.Linq.csproj", "{77EB5D8F-A9FF-05D2-1F13-F8659AB1281B}"
EndProject
Project("{FAE04EC0-301F-11D3-BF4B-00C04F79EFBC}") = "UnityGameFramework.Editor", "UnityGameFramework.Editor.csproj", "{DAF4B4FA-C624-1AB5-BC4B-2196B69276BB}"
EndProject
Project("{FAE04EC0-301F-11D3-BF4B-00C04F79EFBC}") = "DOTween.Extension", "DOTween.Extension.csproj", "{D17321B3-7239-7BD2-8A85-2384BA5E9955}"
EndProject
Project("{FAE04EC0-301F-11D3-BF4B-00C04F79EFBC}") = "UniTask", "UniTask.csproj", "{B47E47CD-C072-E6DE-29D1-8083A9C2D362}"
EndProject
Project("{FAE04EC0-301F-11D3-BF4B-00C04F79EFBC}") = "Hotfix", "Hotfix.csproj", "{B1A3F636-F561-FE5E-A8FE-78137E26C27F}"
EndProject
Project("{FAE04EC0-301F-11D3-BF4B-00C04F79EFBC}") = "spine-unity", "spine-unity.csproj", "{7965D719-ED57-5876-1410-7C07C7CAE5EC}"
EndProject
Project("{FAE04EC0-301F-11D3-BF4B-00C04F79EFBC}") = "spine-unity-editor", "spine-unity-editor.csproj", "{F8AD3688-2859-7C50-C3A5-AEC0F6D32C23}"
EndProject
Project("{FAE04EC0-301F-11D3-BF4B-00C04F79EFBC}") = "Assembly-CSharp-Editor", "Assembly-CSharp-Editor.csproj", "{53C03022-8D33-D5A2-0CA4-0142E4815273}"
EndProject
Project("{FAE04EC0-301F-11D3-BF4B-00C04F79EFBC}") = "ZString", "ZString.csproj", "{19A7E3CE-3E88-532D-CEA5-7D2B2574258F}"
EndProject
Project("{FAE04EC0-301F-11D3-BF4B-00C04F79EFBC}") = "UniTask.Addressables", "UniTask.Addressables.csproj", "{386760E6-A147-25F4-B2A3-1D6FFFAF89D3}"
EndProject
Project("{FAE04EC0-301F-11D3-BF4B-00C04F79EFBC}") = "Assembly-CSharp-Editor-firstpass", "Assembly-CSharp-Editor-firstpass.csproj", "{1DE4AAF8-08B0-394B-24CD-DD44D4005087}"
EndProject
Project("{FAE04EC0-301F-11D3-BF4B-00C04F79EFBC}") = "UniTask.TextMeshPro", "UniTask.TextMeshPro.csproj", "{A7BBE907-3F18-ED34-76AE-38F94802755C}"
EndProject
Project("{FAE04EC0-301F-11D3-BF4B-00C04F79EFBC}") = "UniTask.DOTween", "UniTask.DOTween.csproj", "{D3335C1E-2277-7378-D8DC-669FD450D6DB}"
EndProject
Project("{FAE04EC0-301F-11D3-BF4B-00C04F79EFBC}") = "UltimateJoystick", "UltimateJoystick.csproj", "{93276B9F-CFBB-5030-AEAF-97956EFDB9DF}"
EndProject
Project("{FAE04EC0-301F-11D3-BF4B-00C04F79EFBC}") = "UniTask.Editor", "UniTask.Editor.csproj", "{E74BC82B-CE0A-54A6-2F71-13AA066051F0}"
EndProject
Global
	GlobalSection(SolutionConfigurationPlatforms) = preSolution
		Debug|Any CPU = Debug|Any CPU
		Release|Any CPU = Release|Any CPU
	EndGlobalSection
	GlobalSection(ProjectConfigurationPlatforms) = postSolution
		{AC695087-00D4-4AB6-2E5B-5274C2ADF65C}.Debug|Any CPU.ActiveCfg = Debug|Any CPU
		{AC695087-00D4-4AB6-2E5B-5274C2ADF65C}.Debug|Any CPU.Build.0 = Debug|Any CPU
		{AC695087-00D4-4AB6-2E5B-5274C2ADF65C}.Release|Any CPU.ActiveCfg = Release|Any CPU
		{AC695087-00D4-4AB6-2E5B-5274C2ADF65C}.Release|Any CPU.Build.0 = Release|Any CPU
		{3C5FC340-ACC7-8325-4984-65918BCA75AD}.Debug|Any CPU.ActiveCfg = Debug|Any CPU
		{3C5FC340-ACC7-8325-4984-65918BCA75AD}.Debug|Any CPU.Build.0 = Debug|Any CPU
		{3C5FC340-ACC7-8325-4984-65918BCA75AD}.Release|Any CPU.ActiveCfg = Release|Any CPU
		{3C5FC340-ACC7-8325-4984-65918BCA75AD}.Release|Any CPU.Build.0 = Release|Any CPU
		{D9915C80-41DF-3426-3B86-806FD6165E33}.Debug|Any CPU.ActiveCfg = Debug|Any CPU
		{D9915C80-41DF-3426-3B86-806FD6165E33}.Debug|Any CPU.Build.0 = Debug|Any CPU
		{D9915C80-41DF-3426-3B86-806FD6165E33}.Release|Any CPU.ActiveCfg = Release|Any CPU
		{D9915C80-41DF-3426-3B86-806FD6165E33}.Release|Any CPU.Build.0 = Release|Any CPU
		{CDC30E6A-89E8-8739-00B4-6D45616E12D8}.Debug|Any CPU.ActiveCfg = Debug|Any CPU
		{CDC30E6A-89E8-8739-00B4-6D45616E12D8}.Debug|Any CPU.Build.0 = Debug|Any CPU
		{CDC30E6A-89E8-8739-00B4-6D45616E12D8}.Release|Any CPU.ActiveCfg = Release|Any CPU
		{CDC30E6A-89E8-8739-00B4-6D45616E12D8}.Release|Any CPU.Build.0 = Release|Any CPU
		{77EB5D8F-A9FF-05D2-1F13-F8659AB1281B}.Debug|Any CPU.ActiveCfg = Debug|Any CPU
		{77EB5D8F-A9FF-05D2-1F13-F8659AB1281B}.Debug|Any CPU.Build.0 = Debug|Any CPU
		{77EB5D8F-A9FF-05D2-1F13-F8659AB1281B}.Release|Any CPU.ActiveCfg = Release|Any CPU
		{77EB5D8F-A9FF-05D2-1F13-F8659AB1281B}.Release|Any CPU.Build.0 = Release|Any CPU
		{DAF4B4FA-C624-1AB5-BC4B-2196B69276BB}.Debug|Any CPU.ActiveCfg = Debug|Any CPU
		{DAF4B4FA-C624-1AB5-BC4B-2196B69276BB}.Debug|Any CPU.Build.0 = Debug|Any CPU
		{DAF4B4FA-C624-1AB5-BC4B-2196B69276BB}.Release|Any CPU.ActiveCfg = Release|Any CPU
		{DAF4B4FA-C624-1AB5-BC4B-2196B69276BB}.Release|Any CPU.Build.0 = Release|Any CPU
		{D17321B3-7239-7BD2-8A85-2384BA5E9955}.Debug|Any CPU.ActiveCfg = Debug|Any CPU
		{D17321B3-7239-7BD2-8A85-2384BA5E9955}.Debug|Any CPU.Build.0 = Debug|Any CPU
		{D17321B3-7239-7BD2-8A85-2384BA5E9955}.Release|Any CPU.ActiveCfg = Release|Any CPU
		{D17321B3-7239-7BD2-8A85-2384BA5E9955}.Release|Any CPU.Build.0 = Release|Any CPU
		{B47E47CD-C072-E6DE-29D1-8083A9C2D362}.Debug|Any CPU.ActiveCfg = Debug|Any CPU
		{B47E47CD-C072-E6DE-29D1-8083A9C2D362}.Debug|Any CPU.Build.0 = Debug|Any CPU
		{B47E47CD-C072-E6DE-29D1-8083A9C2D362}.Release|Any CPU.ActiveCfg = Release|Any CPU
		{B47E47CD-C072-E6DE-29D1-8083A9C2D362}.Release|Any CPU.Build.0 = Release|Any CPU
		{B1A3F636-F561-FE5E-A8FE-78137E26C27F}.Debug|Any CPU.ActiveCfg = Debug|Any CPU
		{B1A3F636-F561-FE5E-A8FE-78137E26C27F}.Debug|Any CPU.Build.0 = Debug|Any CPU
		{B1A3F636-F561-FE5E-A8FE-78137E26C27F}.Release|Any CPU.ActiveCfg = Release|Any CPU
		{B1A3F636-F561-FE5E-A8FE-78137E26C27F}.Release|Any CPU.Build.0 = Release|Any CPU
		{7965D719-ED57-5876-1410-7C07C7CAE5EC}.Debug|Any CPU.ActiveCfg = Debug|Any CPU
		{7965D719-ED57-5876-1410-7C07C7CAE5EC}.Debug|Any CPU.Build.0 = Debug|Any CPU
		{7965D719-ED57-5876-1410-7C07C7CAE5EC}.Release|Any CPU.ActiveCfg = Release|Any CPU
		{7965D719-ED57-5876-1410-7C07C7CAE5EC}.Release|Any CPU.Build.0 = Release|Any CPU
		{F8AD3688-2859-7C50-C3A5-AEC0F6D32C23}.Debug|Any CPU.ActiveCfg = Debug|Any CPU
		{F8AD3688-2859-7C50-C3A5-AEC0F6D32C23}.Debug|Any CPU.Build.0 = Debug|Any CPU
		{F8AD3688-2859-7C50-C3A5-AEC0F6D32C23}.Release|Any CPU.ActiveCfg = Release|Any CPU
		{F8AD3688-2859-7C50-C3A5-AEC0F6D32C23}.Release|Any CPU.Build.0 = Release|Any CPU
		{53C03022-8D33-D5A2-0CA4-0142E4815273}.Debug|Any CPU.ActiveCfg = Debug|Any CPU
		{53C03022-8D33-D5A2-0CA4-0142E4815273}.Debug|Any CPU.Build.0 = Debug|Any CPU
		{53C03022-8D33-D5A2-0CA4-0142E4815273}.Release|Any CPU.ActiveCfg = Release|Any CPU
		{53C03022-8D33-D5A2-0CA4-0142E4815273}.Release|Any CPU.Build.0 = Release|Any CPU
		{19A7E3CE-3E88-532D-CEA5-7D2B2574258F}.Debug|Any CPU.ActiveCfg = Debug|Any CPU
		{19A7E3CE-3E88-532D-CEA5-7D2B2574258F}.Debug|Any CPU.Build.0 = Debug|Any CPU
		{19A7E3CE-3E88-532D-CEA5-7D2B2574258F}.Release|Any CPU.ActiveCfg = Release|Any CPU
		{19A7E3CE-3E88-532D-CEA5-7D2B2574258F}.Release|Any CPU.Build.0 = Release|Any CPU
		{386760E6-A147-25F4-B2A3-1D6FFFAF89D3}.Debug|Any CPU.ActiveCfg = Debug|Any CPU
		{386760E6-A147-25F4-B2A3-1D6FFFAF89D3}.Debug|Any CPU.Build.0 = Debug|Any CPU
		{386760E6-A147-25F4-B2A3-1D6FFFAF89D3}.Release|Any CPU.ActiveCfg = Release|Any CPU
		{386760E6-A147-25F4-B2A3-1D6FFFAF89D3}.Release|Any CPU.Build.0 = Release|Any CPU
		{1DE4AAF8-08B0-394B-24CD-DD44D4005087}.Debug|Any CPU.ActiveCfg = Debug|Any CPU
		{1DE4AAF8-08B0-394B-24CD-DD44D4005087}.Debug|Any CPU.Build.0 = Debug|Any CPU
		{1DE4AAF8-08B0-394B-24CD-DD44D4005087}.Release|Any CPU.ActiveCfg = Release|Any CPU
		{1DE4AAF8-08B0-394B-24CD-DD44D4005087}.Release|Any CPU.Build.0 = Release|Any CPU
		{A7BBE907-3F18-ED34-76AE-38F94802755C}.Debug|Any CPU.ActiveCfg = Debug|Any CPU
		{A7BBE907-3F18-ED34-76AE-38F94802755C}.Debug|Any CPU.Build.0 = Debug|Any CPU
		{A7BBE907-3F18-ED34-76AE-38F94802755C}.Release|Any CPU.ActiveCfg = Release|Any CPU
		{A7BBE907-3F18-ED34-76AE-38F94802755C}.Release|Any CPU.Build.0 = Release|Any CPU
		{D3335C1E-2277-7378-D8DC-669FD450D6DB}.Debug|Any CPU.ActiveCfg = Debug|Any CPU
		{D3335C1E-2277-7378-D8DC-669FD450D6DB}.Debug|Any CPU.Build.0 = Debug|Any CPU
		{D3335C1E-2277-7378-D8DC-669FD450D6DB}.Release|Any CPU.ActiveCfg = Release|Any CPU
		{D3335C1E-2277-7378-D8DC-669FD450D6DB}.Release|Any CPU.Build.0 = Release|Any CPU
		{93276B9F-CFBB-5030-AEAF-97956EFDB9DF}.Debug|Any CPU.ActiveCfg = Debug|Any CPU
		{93276B9F-CFBB-5030-AEAF-97956EFDB9DF}.Debug|Any CPU.Build.0 = Debug|Any CPU
		{93276B9F-CFBB-5030-AEAF-97956EFDB9DF}.Release|Any CPU.ActiveCfg = Release|Any CPU
		{93276B9F-CFBB-5030-AEAF-97956EFDB9DF}.Release|Any CPU.Build.0 = Release|Any CPU
		{E74BC82B-CE0A-54A6-2F71-13AA066051F0}.Debug|Any CPU.ActiveCfg = Debug|Any CPU
		{E74BC82B-CE0A-54A6-2F71-13AA066051F0}.Debug|Any CPU.Build.0 = Debug|Any CPU
		{E74BC82B-CE0A-54A6-2F71-13AA066051F0}.Release|Any CPU.ActiveCfg = Release|Any CPU
		{E74BC82B-CE0A-54A6-2F71-13AA066051F0}.Release|Any CPU.Build.0 = Release|Any CPU
	EndGlobalSection
	GlobalSection(SolutionProperties) = preSolution
		HideSolutionNode = FALSE
	EndGlobalSection
EndGlobal
